
Microsoft Visual Studio Solution File, Format Version 12.00
# Visual Studio Version 16
VisualStudioVersion = 16.0.32510.428
MinimumVisualStudioVersion = 10.0.40219.1
Project("{FAE04EC0-301F-11D3-BF4B-00C04F79EFBC}") = "Student Model", "Student Model\Student Model.csproj", "{089B45D5-3FF9-4A03-8013-FAF7F83E3C82}"
EndProject
Global
	GlobalSection(SolutionConfigurationPlatforms) = preSolution
		Debug|Any CPU = Debug|Any CPU
		Release|Any CPU = Release|Any CPU
	EndGlobalSection
	GlobalSection(ProjectConfigurationPlatforms) = postSolution
		{089B45D5-3FF9-4A03-8013-FAF7F83E3C82}.Debug|Any CPU.ActiveCfg = Debug|Any CPU
		{089B45D5-3FF9-4A03-8013-FAF7F83E3C82}.Debug|Any CPU.Build.0 = Debug|Any CPU
		{089B45D5-3FF9-4A03-8013-FAF7F83E3C82}.Release|Any CPU.ActiveCfg = Release|Any CPU
		{089B45D5-3FF9-4A03-8013-FAF7F83E3C82}.Release|Any CPU.Build.0 = Release|Any CPU
	EndGlobalSection
	GlobalSection(SolutionProperties) = preSolution
		HideSolutionNode = FALSE
	EndGlobalSection
	GlobalSection(ExtensibilityGlobals) = postSolution
		SolutionGuid = {9AA6459F-E325-4699-8F7F-CA2B4C55F903}
	EndGlobalSection
EndGlobal
